// !$*UTF8*$!
{
	archiveVersion = 1;
	classes = {
	};
	objectVersion = 50;
	objects = {

/* Begin PBXBuildFile section */
		5F5FE74825F9C95900BD2DDB /* AppDelegate.swift in Sources */ = {isa = PBXBuildFile; fileRef = 5F5FE74725F9C95900BD2DDB /* AppDelegate.swift */; };
		5F5FE74F25F9C95900BD2DDB /* Main.storyboard in Resources */ = {isa = PBXBuildFile; fileRef = 5F5FE74D25F9C95900BD2DDB /* Main.storyboard */; };
		5F5FE75225F9C95900BD2DDB /* TweakTo_Test.xcdatamodeld in Sources */ = {isa = PBXBuildFile; fileRef = 5F5FE75025F9C95900BD2DDB /* TweakTo_Test.xcdatamodeld */; };
		5F5FE75425F9C95A00BD2DDB /* Assets.xcassets in Resources */ = {isa = PBXBuildFile; fileRef = 5F5FE75325F9C95A00BD2DDB /* Assets.xcassets */; };
		5F5FE75725F9C95A00BD2DDB /* LaunchScreen.storyboard in Resources */ = {isa = PBXBuildFile; fileRef = 5F5FE75525F9C95A00BD2DDB /* LaunchScreen.storyboard */; };
		5F5FE76225F9C95A00BD2DDB /* TweakTo_TestTests.swift in Sources */ = {isa = PBXBuildFile; fileRef = 5F5FE76125F9C95A00BD2DDB /* TweakTo_TestTests.swift */; };
		5F5FE76D25F9C95A00BD2DDB /* TweakTo_TestUITests.swift in Sources */ = {isa = PBXBuildFile; fileRef = 5F5FE76C25F9C95A00BD2DDB /* TweakTo_TestUITests.swift */; };
		5F5FE78C25F9CAC200BD2DDB /* UserListVC.swift in Sources */ = {isa = PBXBuildFile; fileRef = 5F5FE78B25F9CAC200BD2DDB /* UserListVC.swift */; };
		5F5FE79725F9CB3300BD2DDB /* Constants.swift in Sources */ = {isa = PBXBuildFile; fileRef = 5F5FE79625F9CB3300BD2DDB /* Constants.swift */; };
		5F5FE79F25F9CC2E00BD2DDB /* UserTableCell.swift in Sources */ = {isa = PBXBuildFile; fileRef = 5F5FE79E25F9CC2E00BD2DDB /* UserTableCell.swift */; };
		5F5FE7A425F9D2F500BD2DDB /* ApiHelper.swift in Sources */ = {isa = PBXBuildFile; fileRef = 5F5FE7A325F9D2F500BD2DDB /* ApiHelper.swift */; };
		5F5FE7A925F9D3A700BD2DDB /* User.swift in Sources */ = {isa = PBXBuildFile; fileRef = 5F5FE7A825F9D3A700BD2DDB /* User.swift */; };
		5F8A212325F9ED31009178D9 /* CoreDataHelper.swift in Sources */ = {isa = PBXBuildFile; fileRef = 5F8A212225F9ED31009178D9 /* CoreDataHelper.swift */; };
		5F8A212925F9EE90009178D9 /* ImageLoader.swift in Sources */ = {isa = PBXBuildFile; fileRef = 5F8A212825F9EE90009178D9 /* ImageLoader.swift */; };
		5F8A213925FA3D84009178D9 /* Extensions.swift in Sources */ = {isa = PBXBuildFile; fileRef = 5F8A213825FA3D84009178D9 /* Extensions.swift */; };
		5F8A214025FA41CC009178D9 /* UserViewModel.swift in Sources */ = {isa = PBXBuildFile; fileRef = 5F8A213F25FA41CC009178D9 /* UserViewModel.swift */; };
		5F8A214525FA4205009178D9 /* CellConfigurator.swift in Sources */ = {isa = PBXBuildFile; fileRef = 5F8A214425FA4205009178D9 /* CellConfigurator.swift */; };
		5F8A215225FA4DA5009178D9 /* Reachability.swift in Sources */ = {isa = PBXBuildFile; fileRef = 5F8A215125FA4DA5009178D9 /* Reachability.swift */; };
		5F9D1D8425FA5BC300C53563 /* UserDetailVC.swift in Sources */ = {isa = PBXBuildFile; fileRef = 5F9D1D8325FA5BC300C53563 /* UserDetailVC.swift */; };
		5F9D1D8925FA607600C53563 /* KMPlaceholderTextView.swift in Sources */ = {isa = PBXBuildFile; fileRef = 5F9D1D8825FA607600C53563 /* KMPlaceholderTextView.swift */; };
		5F9D1D8E25FA63B400C53563 /* UserDetails.swift in Sources */ = {isa = PBXBuildFile; fileRef = 5F9D1D8D25FA63B400C53563 /* UserDetails.swift */; };
/* End PBXBuildFile section */

/* Begin PBXContainerItemProxy section */
		5F5FE75E25F9C95A00BD2DDB /* PBXContainerItemProxy */ = {
			isa = PBXContainerItemProxy;
			containerPortal = 5F5FE73C25F9C95900BD2DDB /* Project object */;
			proxyType = 1;
			remoteGlobalIDString = 5F5FE74325F9C95900BD2DDB;
			remoteInfo = TweakTo.Test;
		};
		5F5FE76925F9C95A00BD2DDB /* PBXContainerItemProxy */ = {
			isa = PBXContainerItemProxy;
			containerPortal = 5F5FE73C25F9C95900BD2DDB /* Project object */;
			proxyType = 1;
			remoteGlobalIDString = 5F5FE74325F9C95900BD2DDB;
			remoteInfo = TweakTo.Test;
		};
/* End PBXContainerItemProxy section */

/* Begin PBXFileReference section */
		5F5FE74425F9C95900BD2DDB /* TweakTo.Test.app */ = {isa = PBXFileReference; explicitFileType = wrapper.application; includeInIndex = 0; path = TweakTo.Test.app; sourceTree = BUILT_PRODUCTS_DIR; };
		5F5FE74725F9C95900BD2DDB /* AppDelegate.swift */ = {isa = PBXFileReference; lastKnownFileType = sourcecode.swift; path = AppDelegate.swift; sourceTree = "<group>"; };
		5F5FE74E25F9C95900BD2DDB /* Base */ = {isa = PBXFileReference; lastKnownFileType = file.storyboard; name = Base; path = Base.lproj/Main.storyboard; sourceTree = "<group>"; };
		5F5FE75125F9C95900BD2DDB /* TweakTo_Test.xcdatamodel */ = {isa = PBXFileReference; lastKnownFileType = wrapper.xcdatamodel; path = TweakTo_Test.xcdatamodel; sourceTree = "<group>"; };
		5F5FE75325F9C95A00BD2DDB /* Assets.xcassets */ = {isa = PBXFileReference; lastKnownFileType = folder.assetcatalog; path = Assets.xcassets; sourceTree = "<group>"; };
		5F5FE75625F9C95A00BD2DDB /* Base */ = {isa = PBXFileReference; lastKnownFileType = file.storyboard; name = Base; path = Base.lproj/LaunchScreen.storyboard; sourceTree = "<group>"; };
		5F5FE75825F9C95A00BD2DDB /* Info.plist */ = {isa = PBXFileReference; lastKnownFileType = text.plist.xml; path = Info.plist; sourceTree = "<group>"; };
		5F5FE75D25F9C95A00BD2DDB /* TweakTo.TestTests.xctest */ = {isa = PBXFileReference; explicitFileType = wrapper.cfbundle; includeInIndex = 0; path = TweakTo.TestTests.xctest; sourceTree = BUILT_PRODUCTS_DIR; };
		5F5FE76125F9C95A00BD2DDB /* TweakTo_TestTests.swift */ = {isa = PBXFileReference; lastKnownFileType = sourcecode.swift; path = TweakTo_TestTests.swift; sourceTree = "<group>"; };
		5F5FE76325F9C95A00BD2DDB /* Info.plist */ = {isa = PBXFileReference; lastKnownFileType = text.plist.xml; path = Info.plist; sourceTree = "<group>"; };
		5F5FE76825F9C95A00BD2DDB /* TweakTo.TestUITests.xctest */ = {isa = PBXFileReference; explicitFileType = wrapper.cfbundle; includeInIndex = 0; path = TweakTo.TestUITests.xctest; sourceTree = BUILT_PRODUCTS_DIR; };
		5F5FE76C25F9C95A00BD2DDB /* TweakTo_TestUITests.swift */ = {isa = PBXFileReference; lastKnownFileType = sourcecode.swift; path = TweakTo_TestUITests.swift; sourceTree = "<group>"; };
		5F5FE76E25F9C95A00BD2DDB /* Info.plist */ = {isa = PBXFileReference; lastKnownFileType = text.plist.xml; path = Info.plist; sourceTree = "<group>"; };
		5F5FE78B25F9CAC200BD2DDB /* UserListVC.swift */ = {isa = PBXFileReference; lastKnownFileType = sourcecode.swift; path = UserListVC.swift; sourceTree = "<group>"; };
		5F5FE79625F9CB3300BD2DDB /* Constants.swift */ = {isa = PBXFileReference; lastKnownFileType = sourcecode.swift; path = Constants.swift; sourceTree = "<group>"; };
		5F5FE79E25F9CC2E00BD2DDB /* UserTableCell.swift */ = {isa = PBXFileReference; lastKnownFileType = sourcecode.swift; path = UserTableCell.swift; sourceTree = "<group>"; };
		5F5FE7A325F9D2F500BD2DDB /* ApiHelper.swift */ = {isa = PBXFileReference; lastKnownFileType = sourcecode.swift; path = ApiHelper.swift; sourceTree = "<group>"; };
		5F5FE7A825F9D3A700BD2DDB /* User.swift */ = {isa = PBXFileReference; lastKnownFileType = sourcecode.swift; path = User.swift; sourceTree = "<group>"; };
		5F8A212225F9ED31009178D9 /* CoreDataHelper.swift */ = {isa = PBXFileReference; lastKnownFileType = sourcecode.swift; path = CoreDataHelper.swift; sourceTree = "<group>"; };
		5F8A212825F9EE90009178D9 /* ImageLoader.swift */ = {isa = PBXFileReference; fileEncoding = 4; lastKnownFileType = sourcecode.swift; path = ImageLoader.swift; sourceTree = "<group>"; };
		5F8A213825FA3D84009178D9 /* Extensions.swift */ = {isa = PBXFileReference; lastKnownFileType = sourcecode.swift; path = Extensions.swift; sourceTree = "<group>"; };
		5F8A213F25FA41CC009178D9 /* UserViewModel.swift */ = {isa = PBXFileReference; lastKnownFileType = sourcecode.swift; path = UserViewModel.swift; sourceTree = "<group>"; };
		5F8A214425FA4205009178D9 /* CellConfigurator.swift */ = {isa = PBXFileReference; fileEncoding = 4; lastKnownFileType = sourcecode.swift; path = CellConfigurator.swift; sourceTree = "<group>"; };
		5F8A215125FA4DA5009178D9 /* Reachability.swift */ = {isa = PBXFileReference; fileEncoding = 4; lastKnownFileType = sourcecode.swift; path = Reachability.swift; sourceTree = "<group>"; };
		5F9D1D8325FA5BC300C53563 /* UserDetailVC.swift */ = {isa = PBXFileReference; lastKnownFileType = sourcecode.swift; path = UserDetailVC.swift; sourceTree = "<group>"; };
		5F9D1D8825FA607600C53563 /* KMPlaceholderTextView.swift */ = {isa = PBXFileReference; fileEncoding = 4; lastKnownFileType = sourcecode.swift; path = KMPlaceholderTextView.swift; sourceTree = "<group>"; };
		5F9D1D8D25FA63B400C53563 /* UserDetails.swift */ = {isa = PBXFileReference; lastKnownFileType = sourcecode.swift; path = UserDetails.swift; sourceTree = "<group>"; };
/* End PBXFileReference section */

/* Begin PBXFrameworksBuildPhase section */
		5F5FE74125F9C95900BD2DDB /* Frameworks */ = {
			isa = PBXFrameworksBuildPhase;
			buildActionMask = 2147483647;
			files = (
			);
			runOnlyForDeploymentPostprocessing = 0;
		};
		5F5FE75A25F9C95A00BD2DDB /* Frameworks */ = {
			isa = PBXFrameworksBuildPhase;
			buildActionMask = 2147483647;
			files = (
			);
			runOnlyForDeploymentPostprocessing = 0;
		};
		5F5FE76525F9C95A00BD2DDB /* Frameworks */ = {
			isa = PBXFrameworksBuildPhase;
			buildActionMask = 2147483647;
			files = (
			);
			runOnlyForDeploymentPostprocessing = 0;
		};
/* End PBXFrameworksBuildPhase section */

/* Begin PBXGroup section */
		5F5FE73B25F9C95900BD2DDB = {
			isa = PBXGroup;
			children = (
				5F5FE74625F9C95900BD2DDB /* TweakTo.Test */,
				5F5FE76025F9C95A00BD2DDB /* TweakTo.TestTests */,
				5F5FE76B25F9C95A00BD2DDB /* TweakTo.TestUITests */,
				5F5FE74525F9C95900BD2DDB /* Products */,
			);
			sourceTree = "<group>";
		};
		5F5FE74525F9C95900BD2DDB /* Products */ = {
			isa = PBXGroup;
			children = (
				5F5FE74425F9C95900BD2DDB /* TweakTo.Test.app */,
				5F5FE75D25F9C95A00BD2DDB /* TweakTo.TestTests.xctest */,
				5F5FE76825F9C95A00BD2DDB /* TweakTo.TestUITests.xctest */,
			);
			name = Products;
			sourceTree = "<group>";
		};
		5F5FE74625F9C95900BD2DDB /* TweakTo.Test */ = {
			isa = PBXGroup;
			children = (
				5F8A212725F9EE7E009178D9 /* ImageLoader */,
				5F5FE79525F9CB1D00BD2DDB /* Helper */,
				5F5FE79025F9CAD400BD2DDB /* Model */,
				5F5FE79125F9CAE100BD2DDB /* View */,
				5F5FE79325F9CAF100BD2DDB /* ViewModel */,
				5F5FE79225F9CAE800BD2DDB /* Controller */,
				5F5FE74725F9C95900BD2DDB /* AppDelegate.swift */,
				5F5FE75325F9C95A00BD2DDB /* Assets.xcassets */,
				5F5FE75525F9C95A00BD2DDB /* LaunchScreen.storyboard */,
				5F5FE75825F9C95A00BD2DDB /* Info.plist */,
				5F5FE75025F9C95900BD2DDB /* TweakTo_Test.xcdatamodeld */,
			);
			path = TweakTo.Test;
			sourceTree = "<group>";
		};
		5F5FE76025F9C95A00BD2DDB /* TweakTo.TestTests */ = {
			isa = PBXGroup;
			children = (
				5F5FE76125F9C95A00BD2DDB /* TweakTo_TestTests.swift */,
				5F5FE76325F9C95A00BD2DDB /* Info.plist */,
			);
			path = TweakTo.TestTests;
			sourceTree = "<group>";
		};
		5F5FE76B25F9C95A00BD2DDB /* TweakTo.TestUITests */ = {
			isa = PBXGroup;
			children = (
				5F5FE76C25F9C95A00BD2DDB /* TweakTo_TestUITests.swift */,
				5F5FE76E25F9C95A00BD2DDB /* Info.plist */,
			);
			path = TweakTo.TestUITests;
			sourceTree = "<group>";
		};
		5F5FE79025F9CAD400BD2DDB /* Model */ = {
			isa = PBXGroup;
			children = (
				5F5FE7A825F9D3A700BD2DDB /* User.swift */,
				5F9D1D8D25FA63B400C53563 /* UserDetails.swift */,
			);
			path = Model;
			sourceTree = "<group>";
		};
		5F5FE79125F9CAE100BD2DDB /* View */ = {
			isa = PBXGroup;
			children = (
				5F5FE74D25F9C95900BD2DDB /* Main.storyboard */,
			);
			path = View;
			sourceTree = "<group>";
		};
		5F5FE79225F9CAE800BD2DDB /* Controller */ = {
			isa = PBXGroup;
			children = (
				5F5FE78B25F9CAC200BD2DDB /* UserListVC.swift */,
				5F9D1D8325FA5BC300C53563 /* UserDetailVC.swift */,
			);
			path = Controller;
			sourceTree = "<group>";
		};
		5F5FE79325F9CAF100BD2DDB /* ViewModel */ = {
			isa = PBXGroup;
			children = (
				5F8A214425FA4205009178D9 /* CellConfigurator.swift */,
				5F5FE79E25F9CC2E00BD2DDB /* UserTableCell.swift */,
				5F8A213F25FA41CC009178D9 /* UserViewModel.swift */,
			);
			path = ViewModel;
			sourceTree = "<group>";
		};
		5F5FE79525F9CB1D00BD2DDB /* Helper */ = {
			isa = PBXGroup;
			children = (
				5F5FE79625F9CB3300BD2DDB /* Constants.swift */,
				5F5FE7A325F9D2F500BD2DDB /* ApiHelper.swift */,
				5F8A212225F9ED31009178D9 /* CoreDataHelper.swift */,
				5F8A213825FA3D84009178D9 /* Extensions.swift */,
				5F8A215125FA4DA5009178D9 /* Reachability.swift */,
				5F9D1D8825FA607600C53563 /* KMPlaceholderTextView.swift */,
			);
			path = Helper;
			sourceTree = "<group>";
		};
		5F8A212725F9EE7E009178D9 /* ImageLoader */ = {
			isa = PBXGroup;
			children = (
				5F8A212825F9EE90009178D9 /* ImageLoader.swift */,
			);
			path = ImageLoader;
			sourceTree = "<group>";
		};
/* End PBXGroup section */

/* Begin PBXNativeTarget section */
		5F5FE74325F9C95900BD2DDB /* TweakTo.Test */ = {
			isa = PBXNativeTarget;
			buildConfigurationList = 5F5FE77125F9C95A00BD2DDB /* Build configuration list for PBXNativeTarget "TweakTo.Test" */;
			buildPhases = (
				5F5FE74025F9C95900BD2DDB /* Sources */,
				5F5FE74125F9C95900BD2DDB /* Frameworks */,
				5F5FE74225F9C95900BD2DDB /* Resources */,
			);
			buildRules = (
			);
			dependencies = (
			);
			name = TweakTo.Test;
			productName = TweakTo.Test;
			productReference = 5F5FE74425F9C95900BD2DDB /* TweakTo.Test.app */;
			productType = "com.apple.product-type.application";
		};
		5F5FE75C25F9C95A00BD2DDB /* TweakTo.TestTests */ = {
			isa = PBXNativeTarget;
			buildConfigurationList = 5F5FE77425F9C95A00BD2DDB /* Build configuration list for PBXNativeTarget "TweakTo.TestTests" */;
			buildPhases = (
				5F5FE75925F9C95A00BD2DDB /* Sources */,
				5F5FE75A25F9C95A00BD2DDB /* Frameworks */,
				5F5FE75B25F9C95A00BD2DDB /* Resources */,
			);
			buildRules = (
			);
			dependencies = (
				5F5FE75F25F9C95A00BD2DDB /* PBXTargetDependency */,
			);
			name = TweakTo.TestTests;
			productName = TweakTo.TestTests;
			productReference = 5F5FE75D25F9C95A00BD2DDB /* TweakTo.TestTests.xctest */;
			productType = "com.apple.product-type.bundle.unit-test";
		};
		5F5FE76725F9C95A00BD2DDB /* TweakTo.TestUITests */ = {
			isa = PBXNativeTarget;
			buildConfigurationList = 5F5FE77725F9C95A00BD2DDB /* Build configuration list for PBXNativeTarget "TweakTo.TestUITests" */;
			buildPhases = (
				5F5FE76425F9C95A00BD2DDB /* Sources */,
				5F5FE76525F9C95A00BD2DDB /* Frameworks */,
				5F5FE76625F9C95A00BD2DDB /* Resources */,
			);
			buildRules = (
			);
			dependencies = (
				5F5FE76A25F9C95A00BD2DDB /* PBXTargetDependency */,
			);
			name = TweakTo.TestUITests;
			productName = TweakTo.TestUITests;
			productReference = 5F5FE76825F9C95A00BD2DDB /* TweakTo.TestUITests.xctest */;
			productType = "com.apple.product-type.bundle.ui-testing";
		};
/* End PBXNativeTarget section */

/* Begin PBXProject section */
		5F5FE73C25F9C95900BD2DDB /* Project object */ = {
			isa = PBXProject;
			attributes = {
				LastSwiftUpdateCheck = 1240;
				LastUpgradeCheck = 1240;
				TargetAttributes = {
					5F5FE74325F9C95900BD2DDB = {
						CreatedOnToolsVersion = 12.4;
					};
					5F5FE75C25F9C95A00BD2DDB = {
						CreatedOnToolsVersion = 12.4;
						TestTargetID = 5F5FE74325F9C95900BD2DDB;
					};
					5F5FE76725F9C95A00BD2DDB = {
						CreatedOnToolsVersion = 12.4;
						TestTargetID = 5F5FE74325F9C95900BD2DDB;
					};
				};
			};
			buildConfigurationList = 5F5FE73F25F9C95900BD2DDB /* Build configuration list for PBXProject "TweakTo.Test" */;
			compatibilityVersion = "Xcode 9.3";
			developmentRegion = en;
			hasScannedForEncodings = 0;
			knownRegions = (
				en,
				Base,
			);
			mainGroup = 5F5FE73B25F9C95900BD2DDB;
			productRefGroup = 5F5FE74525F9C95900BD2DDB /* Products */;
			projectDirPath = "";
			projectRoot = "";
			targets = (
				5F5FE74325F9C95900BD2DDB /* TweakTo.Test */,
				5F5FE75C25F9C95A00BD2DDB /* TweakTo.TestTests */,
				5F5FE76725F9C95A00BD2DDB /* TweakTo.TestUITests */,
			);
		};
/* End PBXProject section */

/* Begin PBXResourcesBuildPhase section */
		5F5FE74225F9C95900BD2DDB /* Resources */ = {
			isa = PBXResourcesBuildPhase;
			buildActionMask = 2147483647;
			files = (
				5F5FE75725F9C95A00BD2DDB /* LaunchScreen.storyboard in Resources */,
				5F5FE75425F9C95A00BD2DDB /* Assets.xcassets in Resources */,
				5F5FE74F25F9C95900BD2DDB /* Main.storyboard in Resources */,
			);
			runOnlyForDeploymentPostprocessing = 0;
		};
		5F5FE75B25F9C95A00BD2DDB /* Resources */ = {
			isa = PBXResourcesBuildPhase;
			buildActionMask = 2147483647;
			files = (
			);
			runOnlyForDeploymentPostprocessing = 0;
		};
		5F5FE76625F9C95A00BD2DDB /* Resources */ = {
			isa = PBXResourcesBuildPhase;
			buildActionMask = 2147483647;
			files = (
			);
			runOnlyForDeploymentPostprocessing = 0;
		};
/* End PBXResourcesBuildPhase section */

/* Begin PBXSourcesBuildPhase section */
		5F5FE74025F9C95900BD2DDB /* Sources */ = {
			isa = PBXSourcesBuildPhase;
			buildActionMask = 2147483647;
			files = (
				5F8A214525FA4205009178D9 /* CellConfigurator.swift in Sources */,
				5F9D1D8E25FA63B400C53563 /* UserDetails.swift in Sources */,
				5F5FE7A425F9D2F500BD2DDB /* ApiHelper.swift in Sources */,
				5F8A214025FA41CC009178D9 /* UserViewModel.swift in Sources */,
				5F5FE74825F9C95900BD2DDB /* AppDelegate.swift in Sources */,
				5F9D1D8425FA5BC300C53563 /* UserDetailVC.swift in Sources */,
				5F8A212325F9ED31009178D9 /* CoreDataHelper.swift in Sources */,
				5F8A212925F9EE90009178D9 /* ImageLoader.swift in Sources */,
				5F9D1D8925FA607600C53563 /* KMPlaceholderTextView.swift in Sources */,
				5F5FE75225F9C95900BD2DDB /* TweakTo_Test.xcdatamodeld in Sources */,
				5F8A213925FA3D84009178D9 /* Extensions.swift in Sources */,
				5F5FE78C25F9CAC200BD2DDB /* UserListVC.swift in Sources */,
				5F5FE79725F9CB3300BD2DDB /* Constants.swift in Sources */,
				5F5FE79F25F9CC2E00BD2DDB /* UserTableCell.swift in Sources */,
				5F5FE7A925F9D3A700BD2DDB /* User.swift in Sources */,
				5F8A215225FA4DA5009178D9 /* Reachability.swift in Sources */,
			);
			runOnlyForDeploymentPostprocessing = 0;
		};
		5F5FE75925F9C95A00BD2DDB /* Sources */ = {
			isa = PBXSourcesBuildPhase;
			buildActionMask = 2147483647;
			files = (
				5F5FE76225F9C95A00BD2DDB /* TweakTo_TestTests.swift in Sources */,
			);
			runOnlyForDeploymentPostprocessing = 0;
		};
		5F5FE76425F9C95A00BD2DDB /* Sources */ = {
			isa = PBXSourcesBuildPhase;
			buildActionMask = 2147483647;
			files = (
				5F5FE76D25F9C95A00BD2DDB /* TweakTo_TestUITests.swift in Sources */,
			);
			runOnlyForDeploymentPostprocessing = 0;
		};
/* End PBXSourcesBuildPhase section */

/* Begin PBXTargetDependency section */
		5F5FE75F25F9C95A00BD2DDB /* PBXTargetDependency */ = {
			isa = PBXTargetDependency;
			target = 5F5FE74325F9C95900BD2DDB /* TweakTo.Test */;
			targetProxy = 5F5FE75E25F9C95A00BD2DDB /* PBXContainerItemProxy */;
		};
		5F5FE76A25F9C95A00BD2DDB /* PBXTargetDependency */ = {
			isa = PBXTargetDependency;
			target = 5F5FE74325F9C95900BD2DDB /* TweakTo.Test */;
			targetProxy = 5F5FE76925F9C95A00BD2DDB /* PBXContainerItemProxy */;
		};
/* End PBXTargetDependency section */

/* Begin PBXVariantGroup section */
		5F5FE74D25F9C95900BD2DDB /* Main.storyboard */ = {
			isa = PBXVariantGroup;
			children = (
				5F5FE74E25F9C95900BD2DDB /* Base */,
			);
			name = Main.storyboard;
			sourceTree = "<group>";
		};
		5F5FE75525F9C95A00BD2DDB /* LaunchScreen.storyboard */ = {
			isa = PBXVariantGroup;
			children = (
				5F5FE75625F9C95A00BD2DDB /* Base */,
			);
			name = LaunchScreen.storyboard;
			sourceTree = "<group>";
		};
/* End PBXVariantGroup section */

/* Begin XCBuildConfiguration section */
		5F5FE76F25F9C95A00BD2DDB /* Debug */ = {
			isa = XCBuildConfiguration;
			buildSettings = {
				ALWAYS_SEARCH_USER_PATHS = NO;
				CLANG_ANALYZER_NONNULL = YES;
				CLANG_ANALYZER_NUMBER_OBJECT_CONVERSION = YES_AGGRESSIVE;
				CLANG_CXX_LANGUAGE_STANDARD = "gnu++14";
				CLANG_CXX_LIBRARY = "libc++";
				CLANG_ENABLE_MODULES = YES;
				CLANG_ENABLE_OBJC_ARC = YES;
				CLANG_ENABLE_OBJC_WEAK = YES;
				CLANG_WARN_BLOCK_CAPTURE_AUTORELEASING = YES;
				CLANG_WARN_BOOL_CONVERSION = YES;
				CLANG_WARN_COMMA = YES;
				CLANG_WARN_CONSTANT_CONVERSION = YES;
				CLANG_WARN_DEPRECATED_OBJC_IMPLEMENTATIONS = YES;
				CLANG_WARN_DIRECT_OBJC_ISA_USAGE = YES_ERROR;
				CLANG_WARN_DOCUMENTATION_COMMENTS = YES;
				CLANG_WARN_EMPTY_BODY = YES;
				CLANG_WARN_ENUM_CONVERSION = YES;
				CLANG_WARN_INFINITE_RECURSION = YES;
				CLANG_WARN_INT_CONVERSION = YES;
				CLANG_WARN_NON_LITERAL_NULL_CONVERSION = YES;
				CLANG_WARN_OBJC_IMPLICIT_RETAIN_SELF = YES;
				CLANG_WARN_OBJC_LITERAL_CONVERSION = YES;
				CLANG_WARN_OBJC_ROOT_CLASS = YES_ERROR;
				CLANG_WARN_QUOTED_INCLUDE_IN_FRAMEWORK_HEADER = YES;
				CLANG_WARN_RANGE_LOOP_ANALYSIS = YES;
				CLANG_WARN_STRICT_PROTOTYPES = YES;
				CLANG_WARN_SUSPICIOUS_MOVE = YES;
				CLANG_WARN_UNGUARDED_AVAILABILITY = YES_AGGRESSIVE;
				CLANG_WARN_UNREACHABLE_CODE = YES;
				CLANG_WARN__DUPLICATE_METHOD_MATCH = YES;
				COPY_PHASE_STRIP = NO;
				DEBUG_INFORMATION_FORMAT = dwarf;
				ENABLE_STRICT_OBJC_MSGSEND = YES;
				ENABLE_TESTABILITY = YES;
				GCC_C_LANGUAGE_STANDARD = gnu11;
				GCC_DYNAMIC_NO_PIC = NO;
				GCC_NO_COMMON_BLOCKS = YES;
				GCC_OPTIMIZATION_LEVEL = 0;
				GCC_PREPROCESSOR_DEFINITIONS = (
					"DEBUG=1",
					"$(inherited)",
				);
				GCC_WARN_64_TO_32_BIT_CONVERSION = YES;
				GCC_WARN_ABOUT_RETURN_TYPE = YES_ERROR;
				GCC_WARN_UNDECLARED_SELECTOR = YES;
				GCC_WARN_UNINITIALIZED_AUTOS = YES_AGGRESSIVE;
				GCC_WARN_UNUSED_FUNCTION = YES;
				GCC_WARN_UNUSED_VARIABLE = YES;
				IPHONEOS_DEPLOYMENT_TARGET = 14.4;
				MTL_ENABLE_DEBUG_INFO = INCLUDE_SOURCE;
				MTL_FAST_MATH = YES;
				ONLY_ACTIVE_ARCH = YES;
				SDKROOT = iphoneos;
				SWIFT_ACTIVE_COMPILATION_CONDITIONS = DEBUG;
				SWIFT_OPTIMIZATION_LEVEL = "-Onone";
			};
			name = Debug;
		};
		5F5FE77025F9C95A00BD2DDB /* Release */ = {
			isa = XCBuildConfiguration;
			buildSettings = {
				ALWAYS_SEARCH_USER_PATHS = NO;
				CLANG_ANALYZER_NONNULL = YES;
				CLANG_ANALYZER_NUMBER_OBJECT_CONVERSION = YES_AGGRESSIVE;
				CLANG_CXX_LANGUAGE_STANDARD = "gnu++14";
				CLANG_CXX_LIBRARY = "libc++";
				CLANG_ENABLE_MODULES = YES;
				CLANG_ENABLE_OBJC_ARC = YES;
				CLANG_ENABLE_OBJC_WEAK = YES;
				CLANG_WARN_BLOCK_CAPTURE_AUTORELEASING = YES;
				CLANG_WARN_BOOL_CONVERSION = YES;
				CLANG_WARN_COMMA = YES;
				CLANG_WARN_CONSTANT_CONVERSION = YES;
				CLANG_WARN_DEPRECATED_OBJC_IMPLEMENTATIONS = YES;
				CLANG_WARN_DIRECT_OBJC_ISA_USAGE = YES_ERROR;
				CLANG_WARN_DOCUMENTATION_COMMENTS = YES;
				CLANG_WARN_EMPTY_BODY = YES;
				CLANG_WARN_ENUM_CONVERSION = YES;
				CLANG_WARN_INFINITE_RECURSION = YES;
				CLANG_WARN_INT_CONVERSION = YES;
				CLANG_WARN_NON_LITERAL_NULL_CONVERSION = YES;
				CLANG_WARN_OBJC_IMPLICIT_RETAIN_SELF = YES;
				CLANG_WARN_OBJC_LITERAL_CONVERSION = YES;
				CLANG_WARN_OBJC_ROOT_CLASS = YES_ERROR;
				CLANG_WARN_QUOTED_INCLUDE_IN_FRAMEWORK_HEADER = YES;
				CLANG_WARN_RANGE_LOOP_ANALYSIS = YES;
				CLANG_WARN_STRICT_PROTOTYPES = YES;
				CLANG_WARN_SUSPICIOUS_MOVE = YES;
				CLANG_WARN_UNGUARDED_AVAILABILITY = YES_AGGRESSIVE;
				CLANG_WARN_UNREACHABLE_CODE = YES;
				CLANG_WARN__DUPLICATE_METHOD_MATCH = YES;
				COPY_PHASE_STRIP = NO;
				DEBUG_INFORMATION_FORMAT = "dwarf-with-dsym";
				ENABLE_NS_ASSERTIONS = NO;
				ENABLE_STRICT_OBJC_MSGSEND = YES;
				GCC_C_LANGUAGE_STANDARD = gnu11;
				GCC_NO_COMMON_BLOCKS = YES;
				GCC_WARN_64_TO_32_BIT_CONVERSION = YES;
				GCC_WARN_ABOUT_RETURN_TYPE = YES_ERROR;
				GCC_WARN_UNDECLARED_SELECTOR = YES;
				GCC_WARN_UNINITIALIZED_AUTOS = YES_AGGRESSIVE;
				GCC_WARN_UNUSED_FUNCTION = YES;
				GCC_WARN_UNUSED_VARIABLE = YES;
				IPHONEOS_DEPLOYMENT_TARGET = 14.4;
				MTL_ENABLE_DEBUG_INFO = NO;
				MTL_FAST_MATH = YES;
				SDKROOT = iphoneos;
				SWIFT_COMPILATION_MODE = wholemodule;
				SWIFT_OPTIMIZATION_LEVEL = "-O";
				VALIDATE_PRODUCT = YES;
			};
			name = Release;
		};
		5F5FE77225F9C95A00BD2DDB /* Debug */ = {
			isa = XCBuildConfiguration;
			buildSettings = {
				ASSETCATALOG_COMPILER_APPICON_NAME = AppIcon;
				ASSETCATALOG_COMPILER_GLOBAL_ACCENT_COLOR_NAME = AccentColor;
				CODE_SIGN_STYLE = Automatic;
				INFOPLIST_FILE = TweakTo.Test/Info.plist;
				LD_RUNPATH_SEARCH_PATHS = (
					"$(inherited)",
					"@executable_path/Frameworks",
				);
				PRODUCT_BUNDLE_IDENTIFIER = "com.appinstructor.TweakTo-Test";
				PRODUCT_NAME = "$(TARGET_NAME)";
				SWIFT_VERSION = 5.0;
				TARGETED_DEVICE_FAMILY = "1,2";
			};
			name = Debug;
		};
		5F5FE77325F9C95A00BD2DDB /* Release */ = {
			isa = XCBuildConfiguration;
			buildSettings = {
				ASSETCATALOG_COMPILER_APPICON_NAME = AppIcon;
				ASSETCATALOG_COMPILER_GLOBAL_ACCENT_COLOR_NAME = AccentColor;
				CODE_SIGN_STYLE = Automatic;
				INFOPLIST_FILE = TweakTo.Test/Info.plist;
				LD_RUNPATH_SEARCH_PATHS = (
					"$(inherited)",
					"@executable_path/Frameworks",
				);
				PRODUCT_BUNDLE_IDENTIFIER = "com.appinstructor.TweakTo-Test";
				PRODUCT_NAME = "$(TARGET_NAME)";
				SWIFT_VERSION = 5.0;
				TARGETED_DEVICE_FAMILY = "1,2";
			};
			name = Release;
		};
		5F5FE77525F9C95A00BD2DDB /* Debug */ = {
			isa = XCBuildConfiguration;
			buildSettings = {
				ALWAYS_EMBED_SWIFT_STANDARD_LIBRARIES = YES;
				BUNDLE_LOADER = "$(TEST_HOST)";
				CODE_SIGN_STYLE = Automatic;
				INFOPLIST_FILE = TweakTo.TestTests/Info.plist;
				IPHONEOS_DEPLOYMENT_TARGET = 14.4;
				LD_RUNPATH_SEARCH_PATHS = (
					"$(inherited)",
					"@executable_path/Frameworks",
					"@loader_path/Frameworks",
				);
				PRODUCT_BUNDLE_IDENTIFIER = "com.appinstructor.TweakTo-TestTests";
				PRODUCT_NAME = "$(TARGET_NAME)";
				SWIFT_VERSION = 5.0;
				TARGETED_DEVICE_FAMILY = "1,2";
				TEST_HOST = "$(BUILT_PRODUCTS_DIR)/TweakTo.Test.app/TweakTo.Test";
			};
			name = Debug;
		};
		5F5FE77625F9C95A00BD2DDB /* Release */ = {
			isa = XCBuildConfiguration;
			buildSettings = {
				ALWAYS_EMBED_SWIFT_STANDARD_LIBRARIES = YES;
				BUNDLE_LOADER = "$(TEST_HOST)";
				CODE_SIGN_STYLE = Automatic;
				INFOPLIST_FILE = TweakTo.TestTests/Info.plist;
				IPHONEOS_DEPLOYMENT_TARGET = 14.4;
				LD_RUNPATH_SEARCH_PATHS = (
					"$(inherited)",
					"@executable_path/Frameworks",
					"@loader_path/Frameworks",
				);
				PRODUCT_BUNDLE_IDENTIFIER = "com.appinstructor.TweakTo-TestTests";
				PRODUCT_NAME = "$(TARGET_NAME)";
				SWIFT_VERSION = 5.0;
				TARGETED_DEVICE_FAMILY = "1,2";
				TEST_HOST = "$(BUILT_PRODUCTS_DIR)/TweakTo.Test.app/TweakTo.Test";
			};
			name = Release;
		};
		5F5FE77825F9C95A00BD2DDB /* Debug */ = {
			isa = XCBuildConfiguration;
			buildSettings = {
				ALWAYS_EMBED_SWIFT_STANDARD_LIBRARIES = YES;
				CODE_SIGN_STYLE = Automatic;
				INFOPLIST_FILE = TweakTo.TestUITests/Info.plist;
				LD_RUNPATH_SEARCH_PATHS = (
					"$(inherited)",
					"@executable_path/Frameworks",
					"@loader_path/Frameworks",
				);
				PRODUCT_BUNDLE_IDENTIFIER = "com.appinstructor.TweakTo-TestUITests";
				PRODUCT_NAME = "$(TARGET_NAME)";
				SWIFT_VERSION = 5.0;
				TARGETED_DEVICE_FAMILY = "1,2";
				TEST_TARGET_NAME = TweakTo.Test;
			};
			name = Debug;
		};
		5F5FE77925F9C95A00BD2DDB /* Release */ = {
			isa = XCBuildConfiguration;
			buildSettings = {
				ALWAYS_EMBED_SWIFT_STANDARD_LIBRARIES = YES;
				CODE_SIGN_STYLE = Automatic;
				INFOPLIST_FILE = TweakTo.TestUITests/Info.plist;
				LD_RUNPATH_SEARCH_PATHS = (
					"$(inherited)",
					"@executable_path/Frameworks",
					"@loader_path/Frameworks",
				);
				PRODUCT_BUNDLE_IDENTIFIER = "com.appinstructor.TweakTo-TestUITests";
				PRODUCT_NAME = "$(TARGET_NAME)";
				SWIFT_VERSION = 5.0;
				TARGETED_DEVICE_FAMILY = "1,2";
				TEST_TARGET_NAME = TweakTo.Test;
			};
			name = Release;
		};
/* End XCBuildConfiguration section */

/* Begin XCConfigurationList section */
		5F5FE73F25F9C95900BD2DDB /* Build configuration list for PBXProject "TweakTo.Test" */ = {
			isa = XCConfigurationList;
			buildConfigurations = (
				5F5FE76F25F9C95A00BD2DDB /* Debug */,
				5F5FE77025F9C95A00BD2DDB /* Release */,
			);
			defaultConfigurationIsVisible = 0;
			defaultConfigurationName = Release;
		};
		5F5FE77125F9C95A00BD2DDB /* Build configuration list for PBXNativeTarget "TweakTo.Test" */ = {
			isa = XCConfigurationList;
			buildConfigurations = (
				5F5FE77225F9C95A00BD2DDB /* Debug */,
				5F5FE77325F9C95A00BD2DDB /* Release */,
			);
			defaultConfigurationIsVisible = 0;
			defaultConfigurationName = Release;
		};
		5F5FE77425F9C95A00BD2DDB /* Build configuration list for PBXNativeTarget "TweakTo.TestTests" */ = {
			isa = XCConfigurationList;
			buildConfigurations = (
				5F5FE77525F9C95A00BD2DDB /* Debug */,
				5F5FE77625F9C95A00BD2DDB /* Release */,
			);
			defaultConfigurationIsVisible = 0;
			defaultConfigurationName = Release;
		};
		5F5FE77725F9C95A00BD2DDB /* Build configuration list for PBXNativeTarget "TweakTo.TestUITests" */ = {
			isa = XCConfigurationList;
			buildConfigurations = (
				5F5FE77825F9C95A00BD2DDB /* Debug */,
				5F5FE77925F9C95A00BD2DDB /* Release */,
			);
			defaultConfigurationIsVisible = 0;
			defaultConfigurationName = Release;
		};
/* End XCConfigurationList section */

/* Begin XCVersionGroup section */
		5F5FE75025F9C95900BD2DDB /* TweakTo_Test.xcdatamodeld */ = {
			isa = XCVersionGroup;
			children = (
				5F5FE75125F9C95900BD2DDB /* TweakTo_Test.xcdatamodel */,
			);
			currentVersion = 5F5FE75125F9C95900BD2DDB /* TweakTo_Test.xcdatamodel */;
			path = TweakTo_Test.xcdatamodeld;
			sourceTree = "<group>";
			versionGroupType = wrapper.xcdatamodel;
		};
/* End XCVersionGroup section */
	};
	rootObject = 5F5FE73C25F9C95900BD2DDB /* Project object */;
}
